
Microsoft Visual Studio Solution File, Format Version 12.00
# Visual Studio Version 16
VisualStudioVersion = 16.0.30907.101
MinimumVisualStudioVersion = 10.0.40219.1
Project("{FAE04EC0-301F-11D3-BF4B-00C04F79EFBC}") = "Jedi Mind tricks", "Jedi Mind tricks\Jedi Mind tricks.csproj", "{0064C0A1-C7BE-49E4-AA6C-B653E1C98EAF}"
EndProject
Global
	GlobalSection(SolutionConfigurationPlatforms) = preSolution
		Debug|Any CPU = Debug|Any CPU
		Release|Any CPU = Release|Any CPU
	EndGlobalSection
	GlobalSection(ProjectConfigurationPlatforms) = postSolution
		{0064C0A1-C7BE-49E4-AA6C-B653E1C98EAF}.Debug|Any CPU.ActiveCfg = Debug|Any CPU
		{0064C0A1-C7BE-49E4-AA6C-B653E1C98EAF}.Debug|Any CPU.Build.0 = Debug|Any CPU
		{0064C0A1-C7BE-49E4-AA6C-B653E1C98EAF}.Release|Any CPU.ActiveCfg = Release|Any CPU
		{0064C0A1-C7BE-49E4-AA6C-B653E1C98EAF}.Release|Any CPU.Build.0 = Release|Any CPU
	EndGlobalSection
	GlobalSection(SolutionProperties) = preSolution
		HideSolutionNode = FALSE
	EndGlobalSection
	GlobalSection(ExtensibilityGlobals) = postSolution
		SolutionGuid = {4FF7E2F0-1B7B-4D0F-B07C-1E5D10712145}
	EndGlobalSection
EndGlobal
